// !$*UTF8*$!
{
	archiveVersion = 1;
	classes = {
	};
	objectVersion = 46;
	objects = {
		C54DF25F944279B2916282DA = {
			isa = PBXBuildFile;
			fileRef = CEA0DFFC5ECF4864044F2064;
		};
		77E3F16043A1482487FBD3BF = {
			isa = PBXBuildFile;
			fileRef = 1909E33F526EF944ABFF1098;
		};
		570209A6CBECBED675F8D893 = {
			isa = PBXBuildFile;
			fileRef = E172221D56E4AD2A715147B7;
		};
		92EEA24F69FA735A74CD47FB = {
			isa = PBXBuildFile;
			fileRef = CFDA377E234707B606E37CA5;
		};
		1F04E359C9611C49E14EF5EF = {
			isa = PBXBuildFile;
			fileRef = 0E810AF92B0915C01054AA71;
		};
		A6A96C460FC3FDBEBC2B8CCD = {
			isa = PBXBuildFile;
			fileRef = BD353B122721778E1B0F4FF1;
		};
		18BC78B3BFC534E8A236A176 = {
			isa = PBXBuildFile;
			fileRef = 55571BFA44134348407AFCD8;
		};
		74EFD661E40652CA1854221A = {
			isa = PBXBuildFile;
			fileRef = 03F8D385D43C383D49E45AFD;
		};
		70E2648CD1B64AA522594CCB = {
			isa = PBXBuildFile;
			fileRef = D6FAA07A0AE0F64F3433954D;
		};
		CED8AE64B8A1057448402F11 = {
			isa = PBXBuildFile;
			fileRef = B10ECD4A470AE4CBA479E4A1;
		};
		A9550A83ED2B3AEC7A82EE76 = {
			isa = PBXBuildFile;
			fileRef = 7622A4025BE9880CD50087B0;
		};
		D290A85872BB2343ADBC3126 = {
			isa = PBXBuildFile;
			fileRef = 0596160EC4CB83D9774FBFA2;
		};
		65294099AD6996D16007B756 = {
			isa = PBXBuildFile;
			fileRef = 3815A702BF3921C18E4B911B;
		};
		70D7DC43C3654483DDFD13A3 = {
			isa = PBXBuildFile;
			fileRef = 342BD35AE7A4E8B9C972430A;
		};
		1A0F6AEFC91D779FC51FCC09 = {
			isa = PBXBuildFile;
			fileRef = 9AEF32350860610C5D7A9C61;
		};
		71E17E20EF0601DC66AFB27E = {
			isa = PBXBuildFile;
			fileRef = BF27BDA79C5C4148C3B63A88;
		};
		E59C83D0252F448EE21A4931 = {
			isa = PBXBuildFile;
			fileRef = 437609BA5497627FE1935181;
		};
		8522CBE348C3F05058911EDB = {
			isa = PBXBuildFile;
			fileRef = 17C647F47D79302C38133339;
		};
		F50325CA4C7F7D26D7D63CF9 = {
			isa = PBXBuildFile;
			fileRef = C9C0A696B08966AA0C93B85F;
		};
		485E9473BEB09618A2B24F94 = {
			isa = PBXBuildFile;
			fileRef = 7326E430FD33811CDA25D66A;
		};
		79C210ADDA6446B4E2040F41 = {
			isa = PBXBuildFile;
			fileRef = 95D7F1ADA2FBCBB348139537;
		};
		083BDA2BB35366D870979BB1 = {
			isa = PBXBuildFile;
			fileRef = 9CD0B44EE509A00854A43254;
		};
		94AF7C30EEE59F8C1F1C7AAA = {
			isa = PBXBuildFile;
			fileRef = 3B1F7AC326B9BBE41A30BD6F;
		};
		DF5F695DF98C2CE5159A37F1 = {
			isa = PBXBuildFile;
			fileRef = D2D73217DA382D53653FB289;
		};
		414C2EB1E437D9C51EEED5F2 = {
			isa = PBXBuildFile;
			fileRef = 22623814D20961A7DD3C5C63;
		};
		FFCE1443F1673A387F24510D = {
			isa = PBXBuildFile;
			fileRef = 2315C9AF7AE4D54D4EDB0807;
		};
		35BEAD793F368B254A87A745 = {
			isa = PBXBuildFile;
			fileRef = 6D012E8C14E769E1FA3D617B;
		};
		65D56A8ECB40538266EB4220 = {
			isa = PBXBuildFile;
			fileRef = F075148DFDAADC4079AED13E;
		};
		5E7890FAACF642AF910ADC6F = {
			isa = PBXBuildFile;
			fileRef = BB09D3889F5EDC2B49CA0529;
		};
		A009A9A7A716A345848DB450 = {
			isa = PBXBuildFile;
			fileRef = 9B6FC54E328F0EBC218C9E69;
		};
		9D4647AAADD06116F52BA2AD = {
			isa = PBXBuildFile;
			fileRef = BB0AA074720F1AB869D35386;
		};
		00272E9723D001281ED7F3A5 = {
			isa = PBXFileReference;
			lastKnownFileType = sourcecode.c.h;
			name = WallComponent.h;
			path = ../../Source/WallComponent.h;
			sourceTree = "SOURCE_ROOT";
		};
		02D665CB15FBC48CED66A6D7 = {
			isa = PBXFileReference;
			lastKnownFileType = file;
			name = "juce_core";
			path = "/Applications/JUCE/modules/juce_core";
			sourceTree = "<absolute>";
		};
		03F8D385D43C383D49E45AFD = {
			isa = PBXFileReference;
			lastKnownFileType = wrapper.framework;
			name = IOKit.framework;
			path = System/Library/Frameworks/IOKit.framework;
			sourceTree = SDKROOT;
		};
		0596160EC4CB83D9774FBFA2 = {
			isa = PBXFileReference;
			lastKnownFileType = file.nib;
			name = RecentFilesMenuTemplate.nib;
			path = RecentFilesMenuTemplate.nib;
			sourceTree = "SOURCE_ROOT";
		};
		07097B072C6908B0B892FF93 = {
			isa = PBXFileReference;
			lastKnownFileType = file;
			name = "juce_gui_basics";
			path = "/Applications/JUCE/modules/juce_gui_basics";
			sourceTree = "<absolute>";
		};
		0D8C1CCF579A1A61E7AA0CC9 = {
			isa = PBXFileReference;
			lastKnownFileType = text.plist.xml;
			name = "Info-App.plist";
			path = "Info-App.plist";
			sourceTree = "SOURCE_ROOT";
		};
		0E810AF92B0915C01054AA71 = {
			isa = PBXFileReference;
			lastKnownFileType = wrapper.framework;
			name = Cocoa.framework;
			path = System/Library/Frameworks/Cocoa.framework;
			sourceTree = SDKROOT;
		};
		17C647F47D79302C38133339 = {
			isa = PBXFileReference;
			lastKnownFileType = sourcecode.cpp.cpp;
			name = SunComponent.cpp;
			path = ../../Source/SunComponent.cpp;
			sourceTree = "SOURCE_ROOT";
		};
		1909E33F526EF944ABFF1098 = {
			isa = PBXFileReference;
			lastKnownFileType = wrapper.framework;
			name = Accelerate.framework;
			path = System/Library/Frameworks/Accelerate.framework;
			sourceTree = SDKROOT;
		};
		22623814D20961A7DD3C5C63 = {
			isa = PBXFileReference;
			lastKnownFileType = sourcecode.cpp.objcpp;
			name = "include_juce_cryptography.mm";
			path = "../../JuceLibraryCode/include_juce_cryptography.mm";
			sourceTree = "SOURCE_ROOT";
		};
		2315C9AF7AE4D54D4EDB0807 = {
			isa = PBXFileReference;
			lastKnownFileType = sourcecode.cpp.objcpp;
			name = "include_juce_data_structures.mm";
			path = "../../JuceLibraryCode/include_juce_data_structures.mm";
			sourceTree = "SOURCE_ROOT";
		};
		342BD35AE7A4E8B9C972430A = {
			isa = PBXFileReference;
			lastKnownFileType = sourcecode.cpp.cpp;
			name = GrassComponent.cpp;
			path = ../../Source/GrassComponent.cpp;
			sourceTree = "SOURCE_ROOT";
		};
		36E399FBA269B0FA92248084 = {
			isa = PBXFileReference;
			lastKnownFileType = file;
			name = "juce_graphics";
			path = "/Applications/JUCE/modules/juce_graphics";
			sourceTree = "<absolute>";
		};
		3815A702BF3921C18E4B911B = {
			isa = PBXFileReference;
			lastKnownFileType = sourcecode.cpp.cpp;
			name = RoofComponent.cpp;
			path = ../../Source/RoofComponent.cpp;
			sourceTree = "SOURCE_ROOT";
		};
		3B1F7AC326B9BBE41A30BD6F = {
			isa = PBXFileReference;
			lastKnownFileType = sourcecode.cpp.objcpp;
			name = "include_juce_audio_processors.mm";
			path = "../../JuceLibraryCode/include_juce_audio_processors.mm";
			sourceTree = "SOURCE_ROOT";
		};
		3D8C60983CAC639AFBFFCF00 = {
			isa = PBXFileReference;
			lastKnownFileType = file;
			name = "juce_audio_processors";
			path = "/Applications/JUCE/modules/juce_audio_processors";
			sourceTree = "<absolute>";
		};
		437609BA5497627FE1935181 = {
			isa = PBXFileReference;
			lastKnownFileType = sourcecode.cpp.cpp;
			name = MainComponent.cpp;
			path = ../../Source/MainComponent.cpp;
			sourceTree = "SOURCE_ROOT";
		};
		4FF0C42B372E4C75EA78B1E2 = {
			isa = PBXFileReference;
			lastKnownFileType = file;
			name = "juce_cryptography";
			path = "/Applications/JUCE/modules/juce_cryptography";
			sourceTree = "<absolute>";
		};
		55571BFA44134348407AFCD8 = {
			isa = PBXFileReference;
			lastKnownFileType = wrapper.framework;
			name = CoreMIDI.framework;
			path = System/Library/Frameworks/CoreMIDI.framework;
			sourceTree = SDKROOT;
		};
		64344479CE93E7489D01C28B = {
			isa = PBXFileReference;
			lastKnownFileType = file;
			name = "juce_opengl";
			path = "/Applications/JUCE/modules/juce_opengl";
			sourceTree = "<absolute>";
		};
		68005DB121AFE9CD674DBE1E = {
			isa = PBXFileReference;
			lastKnownFileType = sourcecode.c.h;
			name = SunComponent.h;
			path = ../../Source/SunComponent.h;
			sourceTree = "SOURCE_ROOT";
		};
		695B376C2D0682691570A94F = {
			isa = PBXFileReference;
			lastKnownFileType = file;
			name = "juce_audio_basics";
			path = "/Applications/JUCE/modules/juce_audio_basics";
			sourceTree = "<absolute>";
		};
		6D012E8C14E769E1FA3D617B = {
			isa = PBXFileReference;
			lastKnownFileType = sourcecode.cpp.objcpp;
			name = "include_juce_events.mm";
			path = "../../JuceLibraryCode/include_juce_events.mm";
			sourceTree = "SOURCE_ROOT";
		};
		7326E430FD33811CDA25D66A = {
			isa = PBXFileReference;
			lastKnownFileType = sourcecode.cpp.objcpp;
			name = "include_juce_audio_basics.mm";
			path = "../../JuceLibraryCode/include_juce_audio_basics.mm";
			sourceTree = "SOURCE_ROOT";
		};
		7622A4025BE9880CD50087B0 = {
			isa = PBXFileReference;
			lastKnownFileType = wrapper.framework;
			name = WebKit.framework;
			path = System/Library/Frameworks/WebKit.framework;
			sourceTree = SDKROOT;
		};
		95D7F1ADA2FBCBB348139537 = {
			isa = PBXFileReference;
			lastKnownFileType = sourcecode.cpp.objcpp;
			name = "include_juce_audio_devices.mm";
			path = "../../JuceLibraryCode/include_juce_audio_devices.mm";
			sourceTree = "SOURCE_ROOT";
		};
		9AEF32350860610C5D7A9C61 = {
			isa = PBXFileReference;
			lastKnownFileType = sourcecode.cpp.cpp;
			name = WallComponent.cpp;
			path = ../../Source/WallComponent.cpp;
			sourceTree = "SOURCE_ROOT";
		};
		9B6FC54E328F0EBC218C9E69 = {
			isa = PBXFileReference;
			lastKnownFileType = sourcecode.cpp.objcpp;
			name = "include_juce_gui_extra.mm";
			path = "../../JuceLibraryCode/include_juce_gui_extra.mm";
			sourceTree = "SOURCE_ROOT";
		};
		9CD0B44EE509A00854A43254 = {
			isa = PBXFileReference;
			lastKnownFileType = sourcecode.cpp.objcpp;
			name = "include_juce_audio_formats.mm";
			path = "../../JuceLibraryCode/include_juce_audio_formats.mm";
			sourceTree = "SOURCE_ROOT";
		};
		AC6D3C144F58679B337CEE1E = {
			isa = PBXFileReference;
			lastKnownFileType = sourcecode.c.h;
			name = TextComponent.h;
			path = ../../Source/TextComponent.h;
			sourceTree = "SOURCE_ROOT";
		};
		AC9D32BB0EC46CB21D47168D = {
			isa = PBXFileReference;
			lastKnownFileType = file;
			name = "juce_gui_extra";
			path = "/Applications/JUCE/modules/juce_gui_extra";
			sourceTree = "<absolute>";
		};
		B10ECD4A470AE4CBA479E4A1 = {
			isa = PBXFileReference;
			lastKnownFileType = wrapper.framework;
			name = QuartzCore.framework;
			path = System/Library/Frameworks/QuartzCore.framework;
			sourceTree = SDKROOT;
		};
		B2C7BE165F394B569B025375 = {
			isa = PBXFileReference;
			lastKnownFileType = sourcecode.c.h;
			name = RoofComponent.h;
			path = ../../Source/RoofComponent.h;
			sourceTree = "SOURCE_ROOT";
		};
		B98DE944D7D8A40247638CDD = {
			isa = PBXFileReference;
			lastKnownFileType = sourcecode.c.h;
			name = JuceHeader.h;
			path = ../../JuceLibraryCode/JuceHeader.h;
			sourceTree = "SOURCE_ROOT";
		};
		BB09D3889F5EDC2B49CA0529 = {
			isa = PBXFileReference;
			lastKnownFileType = sourcecode.cpp.objcpp;
			name = "include_juce_gui_basics.mm";
			path = "../../JuceLibraryCode/include_juce_gui_basics.mm";
			sourceTree = "SOURCE_ROOT";
		};
		BB0AA074720F1AB869D35386 = {
			isa = PBXFileReference;
			lastKnownFileType = sourcecode.cpp.objcpp;
			name = "include_juce_opengl.mm";
			path = "../../JuceLibraryCode/include_juce_opengl.mm";
			sourceTree = "SOURCE_ROOT";
		};
		BD353B122721778E1B0F4FF1 = {
			isa = PBXFileReference;
			lastKnownFileType = wrapper.framework;
			name = CoreAudio.framework;
			path = System/Library/Frameworks/CoreAudio.framework;
			sourceTree = SDKROOT;
		};
		BF27BDA79C5C4148C3B63A88 = {
			isa = PBXFileReference;
			lastKnownFileType = sourcecode.cpp.cpp;
			name = Main.cpp;
			path = ../../Source/Main.cpp;
			sourceTree = "SOURCE_ROOT";
		};
		BF788438165EB422BDC576C9 = {
			isa = PBXFileReference;
			lastKnownFileType = file;
			name = "juce_audio_formats";
			path = "/Applications/JUCE/modules/juce_audio_formats";
			sourceTree = "<absolute>";
		};
		C1695FDCF0C0943FF9E01E0E = {
			isa = PBXFileReference;
			lastKnownFileType = file;
			name = "juce_audio_devices";
			path = "/Applications/JUCE/modules/juce_audio_devices";
			sourceTree = "<absolute>";
		};
		C9C0A696B08966AA0C93B85F = {
			isa = PBXFileReference;
			lastKnownFileType = sourcecode.cpp.cpp;
			name = TextComponent.cpp;
			path = ../../Source/TextComponent.cpp;
			sourceTree = "SOURCE_ROOT";
		};
		CAB40DFC214DFACA499E436A = {
			isa = PBXFileReference;
			lastKnownFileType = sourcecode.c.h;
			name = MainComponent.h;
			path = ../../Source/MainComponent.h;
			sourceTree = "SOURCE_ROOT";
		};
		CB4F3E79B8173BEDC87B7699 = {
			isa = PBXFileReference;
			lastKnownFileType = sourcecode.c.h;
			name = GrassComponent.h;
			path = ../../Source/GrassComponent.h;
			sourceTree = "SOURCE_ROOT";
		};
		CEA0DFFC5ECF4864044F2064 = {
			isa = PBXFileReference;
			explicitFileType = wrapper.application;
			includeInIndex = 0;
			path = guiTutorial1.app;
			sourceTree = "BUILT_PRODUCTS_DIR";
		};
		CFDA377E234707B606E37CA5 = {
			isa = PBXFileReference;
			lastKnownFileType = wrapper.framework;
			name = Carbon.framework;
			path = System/Library/Frameworks/Carbon.framework;
			sourceTree = SDKROOT;
		};
		D2D73217DA382D53653FB289 = {
			isa = PBXFileReference;
			lastKnownFileType = sourcecode.cpp.objcpp;
			name = "include_juce_core.mm";
			path = "../../JuceLibraryCode/include_juce_core.mm";
			sourceTree = "SOURCE_ROOT";
		};
		D6FAA07A0AE0F64F3433954D = {
			isa = PBXFileReference;
			lastKnownFileType = wrapper.framework;
			name = OpenGL.framework;
			path = System/Library/Frameworks/OpenGL.framework;
			sourceTree = SDKROOT;
		};
		DBEAE7D4C003FE99E91B0CDB = {
			isa = PBXFileReference;
			lastKnownFileType = sourcecode.c.h;
			name = AppConfig.h;
			path = ../../JuceLibraryCode/AppConfig.h;
			sourceTree = "SOURCE_ROOT";
		};
		E172221D56E4AD2A715147B7 = {
			isa = PBXFileReference;
			lastKnownFileType = wrapper.framework;
			name = AudioToolbox.framework;
			path = System/Library/Frameworks/AudioToolbox.framework;
			sourceTree = SDKROOT;
		};
		EFF680F9D2B742F3BE18168E = {
			isa = PBXFileReference;
			lastKnownFileType = file;
			name = "juce_data_structures";
			path = "/Applications/JUCE/modules/juce_data_structures";
			sourceTree = "<absolute>";
		};
		F075148DFDAADC4079AED13E = {
			isa = PBXFileReference;
			lastKnownFileType = sourcecode.cpp.objcpp;
			name = "include_juce_graphics.mm";
			path = "../../JuceLibraryCode/include_juce_graphics.mm";
			sourceTree = "SOURCE_ROOT";
		};
		FB8D433921EA4CFE41FBA53A = {
			isa = PBXFileReference;
			lastKnownFileType = file;
			name = "juce_events";
			path = "/Applications/JUCE/modules/juce_events";
			sourceTree = "<absolute>";
		};
		AC3B264C12EF9661FED088F3 = {
			isa = PBXGroup;
			children = (
				B2C7BE165F394B569B025375,
				3815A702BF3921C18E4B911B,
				342BD35AE7A4E8B9C972430A,
				CB4F3E79B8173BEDC87B7699,
				9AEF32350860610C5D7A9C61,
				00272E9723D001281ED7F3A5,
				BF27BDA79C5C4148C3B63A88,
				CAB40DFC214DFACA499E436A,
				437609BA5497627FE1935181,
				17C647F47D79302C38133339,
				68005DB121AFE9CD674DBE1E,
				C9C0A696B08966AA0C93B85F,
				AC6D3C144F58679B337CEE1E,
			);
			name = Source;
			sourceTree = "<group>";
		};
		70A49F9351F123794160FCF8 = {
			isa = PBXGroup;
			children = (
				AC3B264C12EF9661FED088F3,
			);
			name = guiTutorial1;
			sourceTree = "<group>";
		};
		E798CB6127FE79E2AA93ED6D = {
			isa = PBXGroup;
			children = (
				695B376C2D0682691570A94F,
				C1695FDCF0C0943FF9E01E0E,
				BF788438165EB422BDC576C9,
				3D8C60983CAC639AFBFFCF00,
				02D665CB15FBC48CED66A6D7,
				4FF0C42B372E4C75EA78B1E2,
				EFF680F9D2B742F3BE18168E,
				FB8D433921EA4CFE41FBA53A,
				36E399FBA269B0FA92248084,
				07097B072C6908B0B892FF93,
				AC9D32BB0EC46CB21D47168D,
				64344479CE93E7489D01C28B,
			);
			name = "JUCE Modules";
			sourceTree = "<group>";
		};
		8DF788851EBD2CB812298C22 = {
			isa = PBXGroup;
			children = (
				DBEAE7D4C003FE99E91B0CDB,
				7326E430FD33811CDA25D66A,
				95D7F1ADA2FBCBB348139537,
				9CD0B44EE509A00854A43254,
				3B1F7AC326B9BBE41A30BD6F,
				D2D73217DA382D53653FB289,
				22623814D20961A7DD3C5C63,
				2315C9AF7AE4D54D4EDB0807,
				6D012E8C14E769E1FA3D617B,
				F075148DFDAADC4079AED13E,
				BB09D3889F5EDC2B49CA0529,
				9B6FC54E328F0EBC218C9E69,
				BB0AA074720F1AB869D35386,
				B98DE944D7D8A40247638CDD,
			);
			name = "JUCE Library Code";
			sourceTree = "<group>";
		};
		FE83AA2CA84A9B80DFA028D3 = {
			isa = PBXGroup;
			children = (
				0D8C1CCF579A1A61E7AA0CC9,
				0596160EC4CB83D9774FBFA2,
			);
			name = Resources;
			sourceTree = "<group>";
		};
		7FF91DB668E4D4426647ADB7 = {
			isa = PBXGroup;
			children = (
				1909E33F526EF944ABFF1098,
				E172221D56E4AD2A715147B7,
				CFDA377E234707B606E37CA5,
				0E810AF92B0915C01054AA71,
				BD353B122721778E1B0F4FF1,
				55571BFA44134348407AFCD8,
				03F8D385D43C383D49E45AFD,
				D6FAA07A0AE0F64F3433954D,
				B10ECD4A470AE4CBA479E4A1,
				7622A4025BE9880CD50087B0,
			);
			name = Frameworks;
			sourceTree = "<group>";
		};
		927A0BF04209C63DB8213377 = {
			isa = PBXGroup;
			children = (
				CEA0DFFC5ECF4864044F2064,
			);
			name = Products;
			sourceTree = "<group>";
		};
		9ED4619F6340D16A08E894E9 = {
			isa = PBXGroup;
			children = (
				70A49F9351F123794160FCF8,
				E798CB6127FE79E2AA93ED6D,
				8DF788851EBD2CB812298C22,
				FE83AA2CA84A9B80DFA028D3,
				7FF91DB668E4D4426647ADB7,
				927A0BF04209C63DB8213377,
			);
			name = Source;
			sourceTree = "<group>";
		};
		9E891540BF63797E04295853 = {
			isa = XCBuildConfiguration;
			buildSettings = {
				CLANG_CXX_LANGUAGE_STANDARD = "c++14";
				CLANG_CXX_LIBRARY = "libc++";
				CLANG_LINK_OBJC_RUNTIME = NO;
				COMBINE_HIDPI_IMAGES = YES;
				CONFIGURATION_BUILD_DIR = "$(PROJECT_DIR)/build/$(CONFIGURATION)";
				COPY_PHASE_STRIP = NO;
				GCC_DYNAMIC_NO_PIC = NO;
				GCC_OPTIMIZATION_LEVEL = 0;
				GCC_PREPROCESSOR_DEFINITIONS = (
					"_DEBUG=1",
					"DEBUG=1",
					"JUCER_XCODE_MAC_F6D2F4CF=1",
					"JUCE_APP_VERSION=1.0.0",
					"JUCE_APP_VERSION_HEX=0x10000",
					"JucePlugin_Build_VST=0",
					"JucePlugin_Build_VST3=0",
					"JucePlugin_Build_AU=0",
					"JucePlugin_Build_AUv3=0",
					"JucePlugin_Build_RTAS=0",
					"JucePlugin_Build_AAX=0",
					"JucePlugin_Build_Standalone=0",
					"JucePlugin_Build_Unity=0",
				);
				GCC_VERSION = com.apple.compilers.llvm.clang.1_0;
				HEADER_SEARCH_PATHS = (
					"../../JuceLibraryCode",
					"/Applications/JUCE/modules",
					"$(inherited)",
				);
				INFOPLIST_FILE = Info-App.plist;
				INFOPLIST_PREPROCESS = NO;
				INSTALL_PATH = "$(HOME)/Applications";
				MACOSX_DEPLOYMENT_TARGET = 10.11;
				PRODUCT_BUNDLE_IDENTIFIER = com.yourcompany.guiTutorial1;
				PRODUCT_NAME = "guiTutorial1";
				USE_HEADERMAP = NO;
			};
			name = Debug;
		};
		9D3D4A2EB1B109BF2F0A65B6 = {
			isa = XCBuildConfiguration;
			buildSettings = {
				CLANG_CXX_LANGUAGE_STANDARD = "c++14";
				CLANG_CXX_LIBRARY = "libc++";
				CLANG_LINK_OBJC_RUNTIME = NO;
				COMBINE_HIDPI_IMAGES = YES;
				CONFIGURATION_BUILD_DIR = "$(PROJECT_DIR)/build/$(CONFIGURATION)";
				DEAD_CODE_STRIPPING = YES;
				GCC_GENERATE_DEBUGGING_SYMBOLS = NO;
				GCC_OPTIMIZATION_LEVEL = 3;
				GCC_PREPROCESSOR_DEFINITIONS = (
					"_NDEBUG=1",
					"NDEBUG=1",
					"JUCER_XCODE_MAC_F6D2F4CF=1",
					"JUCE_APP_VERSION=1.0.0",
					"JUCE_APP_VERSION_HEX=0x10000",
					"JucePlugin_Build_VST=0",
					"JucePlugin_Build_VST3=0",
					"JucePlugin_Build_AU=0",
					"JucePlugin_Build_AUv3=0",
					"JucePlugin_Build_RTAS=0",
					"JucePlugin_Build_AAX=0",
					"JucePlugin_Build_Standalone=0",
					"JucePlugin_Build_Unity=0",
				);
				GCC_SYMBOLS_PRIVATE_EXTERN = YES;
				GCC_VERSION = com.apple.compilers.llvm.clang.1_0;
				HEADER_SEARCH_PATHS = (
					"../../JuceLibraryCode",
					"/Applications/JUCE/modules",
					"$(inherited)",
				);
				INFOPLIST_FILE = Info-App.plist;
				INFOPLIST_PREPROCESS = NO;
				INSTALL_PATH = "$(HOME)/Applications";
				LLVM_LTO = YES;
				MACOSX_DEPLOYMENT_TARGET = 10.11;
				PRODUCT_BUNDLE_IDENTIFIER = com.yourcompany.guiTutorial1;
				PRODUCT_NAME = "guiTutorial1";
				USE_HEADERMAP = NO;
			};
			name = Release;
		};
		96172CF0A2F72C769FCBCE60 = {
			isa = XCBuildConfiguration;
			buildSettings = {
				ALWAYS_SEARCH_USER_PATHS = NO;
				CLANG_ENABLE_OBJC_WEAK = YES;
				CLANG_WARN_BLOCK_CAPTURE_AUTORELEASING = YES;
				CLANG_WARN_BOOL_CONVERSION = YES;
				CLANG_WARN_COMMA = YES;
				CLANG_WARN_CONSTANT_CONVERSION = YES;
				CLANG_WARN_DEPRECATED_OBJC_IMPLEMENTATIONS = YES;
				CLANG_WARN_EMPTY_BODY = YES;
				CLANG_WARN_ENUM_CONVERSION = YES;
				CLANG_WARN_INFINITE_RECURSION = YES;
				CLANG_WARN_INT_CONVERSION = YES;
				CLANG_WARN_NON_LITERAL_NULL_CONVERSION = YES;
				CLANG_WARN_OBJC_IMPLICIT_RETAIN_SELF = YES;
				CLANG_WARN_OBJC_LITERAL_CONVERSION = YES;
				CLANG_WARN_RANGE_LOOP_ANALYSIS = YES;
				CLANG_WARN_STRICT_PROTOTYPES = YES;
				CLANG_WARN_SUSPICIOUS_MOVE = YES;
				CLANG_WARN_UNREACHABLE_CODE = YES;
				CLANG_WARN__DUPLICATE_METHOD_MATCH = YES;
				DEBUG_INFORMATION_FORMAT = dwarf;
				ENABLE_STRICT_OBJC_MSGSEND = YES;
				ENABLE_TESTABILITY = YES;
				GCC_C_LANGUAGE_STANDARD = c11;
				GCC_INLINES_ARE_PRIVATE_EXTERN = YES;
				GCC_MODEL_TUNING = G5;
				GCC_NO_COMMON_BLOCKS = YES;
				GCC_WARN_64_TO_32_BIT_CONVERSION = YES;
				GCC_WARN_ABOUT_RETURN_TYPE = YES;
				GCC_WARN_CHECK_SWITCH_STATEMENTS = YES;
				GCC_WARN_MISSING_PARENTHESES = YES;
				GCC_WARN_NON_VIRTUAL_DESTRUCTOR = YES;
				GCC_WARN_TYPECHECK_CALLS_TO_PRINTF = YES;
				GCC_WARN_UNDECLARED_SELECTOR = YES;
				GCC_WARN_UNINITIALIZED_AUTOS = YES;
				GCC_WARN_UNUSED_FUNCTION = YES;
				GCC_WARN_UNUSED_VARIABLE = YES;
				ONLY_ACTIVE_ARCH = YES;
				PRODUCT_NAME = "guiTutorial1";
				WARNING_CFLAGS = "-Wreorder";
				ZERO_LINK = NO;
			};
			name = Debug;
		};
		CBCF88C80553D2FA8500D513 = {
			isa = XCBuildConfiguration;
			buildSettings = {
				ALWAYS_SEARCH_USER_PATHS = NO;
				CLANG_ENABLE_OBJC_WEAK = YES;
				CLANG_WARN_BLOCK_CAPTURE_AUTORELEASING = YES;
				CLANG_WARN_BOOL_CONVERSION = YES;
				CLANG_WARN_COMMA = YES;
				CLANG_WARN_CONSTANT_CONVERSION = YES;
				CLANG_WARN_DEPRECATED_OBJC_IMPLEMENTATIONS = YES;
				CLANG_WARN_EMPTY_BODY = YES;
				CLANG_WARN_ENUM_CONVERSION = YES;
				CLANG_WARN_INFINITE_RECURSION = YES;
				CLANG_WARN_INT_CONVERSION = YES;
				CLANG_WARN_NON_LITERAL_NULL_CONVERSION = YES;
				CLANG_WARN_OBJC_IMPLICIT_RETAIN_SELF = YES;
				CLANG_WARN_OBJC_LITERAL_CONVERSION = YES;
				CLANG_WARN_RANGE_LOOP_ANALYSIS = YES;
				CLANG_WARN_STRICT_PROTOTYPES = YES;
				CLANG_WARN_SUSPICIOUS_MOVE = YES;
				CLANG_WARN_UNREACHABLE_CODE = YES;
				CLANG_WARN__DUPLICATE_METHOD_MATCH = YES;
				DEBUG_INFORMATION_FORMAT = dwarf;
				ENABLE_STRICT_OBJC_MSGSEND = YES;
				GCC_C_LANGUAGE_STANDARD = c11;
				GCC_INLINES_ARE_PRIVATE_EXTERN = YES;
				GCC_MODEL_TUNING = G5;
				GCC_NO_COMMON_BLOCKS = YES;
				GCC_WARN_64_TO_32_BIT_CONVERSION = YES;
				GCC_WARN_ABOUT_RETURN_TYPE = YES;
				GCC_WARN_CHECK_SWITCH_STATEMENTS = YES;
				GCC_WARN_MISSING_PARENTHESES = YES;
				GCC_WARN_NON_VIRTUAL_DESTRUCTOR = YES;
				GCC_WARN_TYPECHECK_CALLS_TO_PRINTF = YES;
				GCC_WARN_UNDECLARED_SELECTOR = YES;
				GCC_WARN_UNINITIALIZED_AUTOS = YES;
				GCC_WARN_UNUSED_FUNCTION = YES;
				GCC_WARN_UNUSED_VARIABLE = YES;
				PRODUCT_NAME = "guiTutorial1";
				WARNING_CFLAGS = "-Wreorder";
				ZERO_LINK = NO;
			};
			name = Release;
		};
		1D504F3EDD7A5C777F9CDE2B = {
			isa = PBXTargetDependency;
			target = 66ECF8BD64A7A26CF790B0D9;
		};
		83A17A55E26E5450D1654CE6 = {
			isa = XCConfigurationList;
			buildConfigurations = (
				96172CF0A2F72C769FCBCE60,
				CBCF88C80553D2FA8500D513,
			);
			defaultConfigurationIsVisible = 0;
			defaultConfigurationName = Debug;
		};
		444E6C61F1CEB52118307AD3 = {
			isa = XCConfigurationList;
			buildConfigurations = (
				9E891540BF63797E04295853,
				9D3D4A2EB1B109BF2F0A65B6,
			);
			defaultConfigurationIsVisible = 0;
			defaultConfigurationName = Debug;
		};
		83537C2AB95BA7DA122B21AB = {
			isa = PBXResourcesBuildPhase;
			buildActionMask = 2147483647;
			files = (
				D290A85872BB2343ADBC3126,
			);
			runOnlyForDeploymentPostprocessing = 0;
		};
		E3CAA6A1B6B9384A853813F1 = {
			isa = PBXSourcesBuildPhase;
			buildActionMask = 2147483647;
			files = (
				65294099AD6996D16007B756,
				70D7DC43C3654483DDFD13A3,
				1A0F6AEFC91D779FC51FCC09,
				71E17E20EF0601DC66AFB27E,
				E59C83D0252F448EE21A4931,
				8522CBE348C3F05058911EDB,
				F50325CA4C7F7D26D7D63CF9,
				485E9473BEB09618A2B24F94,
				79C210ADDA6446B4E2040F41,
				083BDA2BB35366D870979BB1,
				94AF7C30EEE59F8C1F1C7AAA,
				DF5F695DF98C2CE5159A37F1,
				414C2EB1E437D9C51EEED5F2,
				FFCE1443F1673A387F24510D,
				35BEAD793F368B254A87A745,
				65D56A8ECB40538266EB4220,
				5E7890FAACF642AF910ADC6F,
				A009A9A7A716A345848DB450,
				9D4647AAADD06116F52BA2AD,
			);
			runOnlyForDeploymentPostprocessing = 0;
		};
		F001F5DDBD346D145CACBA1C = {
			isa = PBXFrameworksBuildPhase;
			buildActionMask = 2147483647;
			files = (
				77E3F16043A1482487FBD3BF,
				570209A6CBECBED675F8D893,
				92EEA24F69FA735A74CD47FB,
				1F04E359C9611C49E14EF5EF,
				A6A96C460FC3FDBEBC2B8CCD,
				18BC78B3BFC534E8A236A176,
				74EFD661E40652CA1854221A,
				70E2648CD1B64AA522594CCB,
				CED8AE64B8A1057448402F11,
				A9550A83ED2B3AEC7A82EE76,
			);
			runOnlyForDeploymentPostprocessing = 0;
		};
		66ECF8BD64A7A26CF790B0D9 = {
			isa = PBXNativeTarget;
			buildConfigurationList = 444E6C61F1CEB52118307AD3;
			buildPhases = (
				83537C2AB95BA7DA122B21AB,
				E3CAA6A1B6B9384A853813F1,
				F001F5DDBD346D145CACBA1C,
			);
			buildRules = ( );
			dependencies = ( );
			name = "guiTutorial1 - App";
			productName = guiTutorial1;
			productReference = CEA0DFFC5ECF4864044F2064;
			productType = "com.apple.product-type.application";
		};
		81673C05535B21CDDB171BA4 = {
			isa = PBXProject;
			buildConfigurationList = 83A17A55E26E5450D1654CE6;
			attributes = { LastUpgradeCheck = 1010; ORGANIZATIONNAME = ""; TargetAttributes = { 66ECF8BD64A7A26CF790B0D9 = { SystemCapabilities = {com.apple.ApplicationGroups.iOS = { enabled = 0; }; com.apple.InAppPurchase = { enabled = 0; }; com.apple.InterAppAudio = { enabled = 0; }; com.apple.Push = { enabled = 0; }; com.apple.Sandbox = { enabled = 0; }; com.apple.HardenedRuntime = { enabled = 0; }; }; }; }; };
			compatibilityVersion = "Xcode 3.2";
			hasScannedForEncodings = 0;
			mainGroup = 9ED4619F6340D16A08E894E9;
			projectDirPath = "";
			projectRoot = "";
			targets = (66ECF8BD64A7A26CF790B0D9);
			knownRegions = (en, Base);
		};
	};
	rootObject = 81673C05535B21CDDB171BA4;
}
